
Microsoft Visual Studio Solution File, Format Version 12.00
# Visual Studio 15
VisualStudioVersion = 15.0.28307.438
MinimumVisualStudioVersion = 10.0.40219.1
Project("{FAE04EC0-301F-11D3-BF4B-00C04F79EFBC}") = "dll_injector", "dll_injector\dll_injector.csproj", "{9FC67DCE-9528-4A98-B5D3-0CFD1399C76E}"
EndProject
Global
	GlobalSection(SolutionConfigurationPlatforms) = preSolution
		Debug|Any CPU = Debug|Any CPU
		Release|Any CPU = Release|Any CPU
	EndGlobalSection
	GlobalSection(ProjectConfigurationPlatforms) = postSolution
		{9FC67DCE-9528-4A98-B5D3-0CFD1399C76E}.Debug|Any CPU.ActiveCfg = Debug|Any CPU
		{9FC67DCE-9528-4A98-B5D3-0CFD1399C76E}.Debug|Any CPU.Build.0 = Debug|Any CPU
		{9FC67DCE-9528-4A98-B5D3-0CFD1399C76E}.Release|Any CPU.ActiveCfg = Release|Any CPU
		{9FC67DCE-9528-4A98-B5D3-0CFD1399C76E}.Release|Any CPU.Build.0 = Release|Any CPU
	EndGlobalSection
	GlobalSection(SolutionProperties) = preSolution
		HideSolutionNode = FALSE
	EndGlobalSection
	GlobalSection(ExtensibilityGlobals) = postSolution
		SolutionGuid = {733EDC0A-4A24-4799-B5AF-1684384874C0}
	EndGlobalSection
EndGlobal
